lockfileVersion: '9.0'

settings:
  autoInstallPeers: true
  excludeLinksFromLockfile: false

importers:

  .:
    dependencies:
      '@clack/core':
        specifier: ^1.4.2
        version: 1.4.2
      '@clack/prompts':
        specifier: ^1.6.0
        version: 1.6.0
      '@openrouter/ai-sdk-provider':
        specifier: ^2.10.0
        version: 2.10.0(ai@7.0.4(zod@4.4.3))(zod@4.4.3)
      ai:
        specifier: ^7.0.4
        version: 7.0.4(zod@4.4.3)
      chalk:
        specifier: ^5.6.2
        version: 5.6.2
      commander:
        specifier: ^15.0.0
        version: 15.0.0
      figlet:
        specifier: ^1.11.0
        version: 1.11.0

packages:

  '@ai-sdk/gateway@4.0.4':
    resolution: {integrity: sha512-xO0e9duft/uZlnDaIeBZmzTMjfdEz1kkDzWnhQNkJZZljsKWVi6IREZW9nAa+Dx6jYJssyxSUggaFYBAV1WZpw==}
    engines: {node: '>=22'}
    peerDependencies:
      zod: ^3.25.76 || ^4.1.8

  '@ai-sdk/provider-utils@5.0.1':
    resolution: {integrity: sha512-p9Ra+dN4jjHrssXvklNf4nFvWbj1KePMfUOs7nue0NuoIMbYFBULhX4Vu0+6DWLnw3+UsLL9+RCKLtzzU43Qpg==}
    engines: {node: '>=22'}
    peerDependencies:
      zod: ^3.25.76 || ^4.1.8

  '@ai-sdk/provider@4.0.0':
    resolution: {integrity: sha512-fr9Gs89prDWiuox/T+kCA+i2cJkHpxU5S+tr4megjTzRC27ZsvFhwjU/+XrqqMbvBUlfmXxTOYWy8ng45dsjIg==}
    engines: {node: '>=22'}

  '@clack/core@1.4.2':
    resolution: {integrity: sha512-0Ty/1Gfm+Kb07sXcuESjyKfwEhSy4Ns1AgeEisHb/bDY5fWme0tTeTkU14T1Gmcs17YIjB/teiDe4uaCghbYqQ==}
    engines: {node: '>= 20.12.0'}

  '@clack/prompts@1.6.0':
    resolution: {integrity: sha512-EYlRokl8szrP9Z25qT5aepMdBjzBvHF9ZEhzIiUBc9guz/T31EqRgvD0QSgZcpE93xiwrr+OkB4nz0BZyF6fSA==}
    engines: {node: '>= 20.12.0'}

  '@openrouter/ai-sdk-provider@2.10.0':
    resolution: {integrity: sha512-FMsAEjLUt5pWuRE2LDC/LCvVrFjLlrEzUITH5+5SZtfq7KZ2wrOHjQVxzz92sju8S9ltpzW87CLW8/b0oBXVCw==}
    engines: {node: '>=18'}
    peerDependencies:
      ai: ^6.0.0
      zod: ^3.25.0 || ^4.0.0

  '@standard-schema/spec@1.1.0':
    resolution: {integrity: sha512-l2aFy5jALhniG5HgqrD6jXLi/rUWrKvqN/qJx6yoJsgKhblVd+iqqU4RCXavm/jPityDo5TCvKMnpjKnOriy0w==}

  '@vercel/oidc@3.2.0':
    resolution: {integrity: sha512-UycprH3T6n3jH0k44NHMa7pnFHGu/N05MjojYr+Mc6I7obkoLIJujSWwin1pCvdy/eOxrI/l3uDLQsmcrOb4ug==}
    engines: {node: '>= 20'}

  '@workflow/serde@4.1.0':
    resolution: {integrity: sha512-pav4F2BoirECWR7Nf1TKt+2eETcBj7jj4cBefQ8VXQCA6NPkaKeLfj/zMgi+3zYV5ZIBT4GuUiphsj0/b9hPQQ==}

  ai@7.0.4:
    resolution: {integrity: sha512-mZub080RWRxpWg8OY56KVnI3AoMVniccSWG+dwVb3nH81+GiNMDYBIdP41RLUivLpmU49pB7ssD7tvfIUaSaCA==}
    engines: {node: '>=22'}
    peerDependencies:
      zod: ^3.25.76 || ^4.1.8

  chalk@5.6.2:
    resolution: {integrity: sha512-7NzBL0rN6fMUW+f7A6Io4h40qQlG+xGmtMxfbnH/K7TAtt8JQWVQK+6g0UXKMeVJoyV5EkkNsErQ8pVD3bLHbA==}
    engines: {node: ^12.17.0 || ^14.13 || >=16.0.0}

  commander@14.0.3:
    resolution: {integrity: sha512-H+y0Jo/T1RZ9qPP4Eh1pkcQcLRglraJaSLoyOtHxu6AapkjWVCy2Sit1QQ4x3Dng8qDlSsZEet7g5Pq06MvTgw==}
    engines: {node: '>=20'}

  commander@15.0.0:
    resolution: {integrity: sha512-z67u4ZhzCL/Tydu1lJARtEZYWbWaN7oYLHbsuzocr6y4N6WZAagG3RQ4FW61V1/0+jImpj293XfrcYnd1qxtPg==}
    engines: {node: '>=22.12.0'}

  eventsource-parser@3.1.0:
    resolution: {integrity: sha512-kJezFj9YFAMLeORyi7aCLxLbD5/qWMQnoMVlVPyHIll7lgRJCc3JVln9Vgl9nwQi0YkMnhdGTMNn7CkRRAptMg==}
    engines: {node: '>=18.0.0'}

  fast-string-truncated-width@3.0.3:
    resolution: {integrity: sha512-0jjjIEL6+0jag3l2XWWizO64/aZVtpiGE3t0Zgqxv0DPuxiMjvB3M24fCyhZUO4KomJQPj3LTSUnDP3GpdwC0g==}

  fast-string-width@3.0.2:
    resolution: {integrity: sha512-gX8LrtNEI5hq8DVUfRQMbr5lpaS4nMIWV+7XEbXk2b8kiQIizgnlr12B4dA3ZEx3308ze0O4Q1R+cHts8kyUJg==}

  fast-wrap-ansi@0.2.2:
    resolution: {integrity: sha512-7F2Fl+TjRSenLqlU3UjSH0iyqopqoZIu7eZVpEirP2g1GtWa2G/ecEmBdgz31+Mxr+ELclgg6sokpSFIQiZ02Q==}

  figlet@1.11.0:
    resolution: {integrity: sha512-EEx3OS/l2bFqcUNN2NM9FPJp8vAMrgbCxsbl2hbcJNNxOEwVe3mEzrhan7TbJQViZa8mMqhihlbCaqD+LyYKTQ==}
    engines: {node: '>= 17.0.0'}
    hasBin: true

  json-schema@0.4.0:
    resolution: {integrity: sha512-es94M3nTIfsEPisRafak+HDLfHXnKBhV3vU5eqPcS3flIWqcxJWgXHXiey3YrpaNsanY5ei1VoYEbOzijuq9BA==}

  sisteransi@1.0.5:
    resolution: {integrity: sha512-bLGGlR1QxBcynn2d5YmDX4MGjlZvy2MRBDRNHLJ8VI6l6+9FUiyTFNJ0IveOSP0bcXgVDPRcfGqA0pjaqUpfVg==}

  zod@4.4.3:
    resolution: {integrity: sha512-ytENFjIJFl2UwYglde2jchW2Hwm4GJFLDiSXWdTrJQBIN9Fcyp7n4DhxJEiWNAJMV1/BqWfW/kkg71UDcHJyTQ==}

snapshots:

  '@ai-sdk/gateway@4.0.4(zod@4.4.3)':
    dependencies:
      '@ai-sdk/provider': 4.0.0
      '@ai-sdk/provider-utils': 5.0.1(zod@4.4.3)
      '@vercel/oidc': 3.2.0
      zod: 4.4.3

  '@ai-sdk/provider-utils@5.0.1(zod@4.4.3)':
    dependencies:
      '@ai-sdk/provider': 4.0.0
      '@standard-schema/spec': 1.1.0
      '@workflow/serde': 4.1.0
      eventsource-parser: 3.1.0
      zod: 4.4.3

  '@ai-sdk/provider@4.0.0':
    dependencies:
      json-schema: 0.4.0

  '@clack/core@1.4.2':
    dependencies:
      fast-wrap-ansi: 0.2.2
      sisteransi: 1.0.5

  '@clack/prompts@1.6.0':
    dependencies:
      '@clack/core': 1.4.2
      fast-string-width: 3.0.2
      fast-wrap-ansi: 0.2.2
      sisteransi: 1.0.5

  '@openrouter/ai-sdk-provider@2.10.0(ai@7.0.4(zod@4.4.3))(zod@4.4.3)':
    dependencies:
      ai: 7.0.4(zod@4.4.3)
      zod: 4.4.3

  '@standard-schema/spec@1.1.0': {}

  '@vercel/oidc@3.2.0': {}

  '@workflow/serde@4.1.0': {}

  ai@7.0.4(zod@4.4.3):
    dependencies:
      '@ai-sdk/gateway': 4.0.4(zod@4.4.3)
      '@ai-sdk/provider': 4.0.0
      '@ai-sdk/provider-utils': 5.0.1(zod@4.4.3)
      zod: 4.4.3

  chalk@5.6.2: {}

  commander@14.0.3: {}

  commander@15.0.0: {}

  eventsource-parser@3.1.0: {}

  fast-string-truncated-width@3.0.3: {}

  fast-string-width@3.0.2:
    dependencies:
      fast-string-truncated-width: 3.0.3

  fast-wrap-ansi@0.2.2:
    dependencies:
      fast-string-width: 3.0.2

  figlet@1.11.0:
    dependencies:
      commander: 14.0.3

  json-schema@0.4.0: {}

  sisteransi@1.0.5: {}

  zod@4.4.3: {}
